
Microsoft Visual Studio Solution File, Format Version 12.00
# Visual Studio Version 17
VisualStudioVersion = 17.8.34322.80
MinimumVisualStudioVersion = 10.0.40219.1
Project("{8BC9CEB8-8B4A-11D0-8D11-00A0C91BC942}") = "programgame", "programgame.vcxproj", "{1517DDF5-7CA1-41C7-8F2D-4E2DD1230719}"
EndProject
Global
	GlobalSection(SolutionConfigurationPlatforms) = preSolution
		Debug|x64 = Debug|x64
		Debug|x86 = Debug|x86
		Release|x64 = Release|x64
		Release|x86 = Release|x86
	EndGlobalSection
	GlobalSection(ProjectConfigurationPlatforms) = postSolution
		{1517DDF5-7CA1-41C7-8F2D-4E2DD1230719}.Debug|x64.ActiveCfg = Debug|x64
		{1517DDF5-7CA1-41C7-8F2D-4E2DD1230719}.Debug|x64.Build.0 = Debug|x64
		{1517DDF5-7CA1-41C7-8F2D-4E2DD1230719}.Debug|x86.ActiveCfg = Debug|Win32
		{1517DDF5-7CA1-41C7-8F2D-4E2DD1230719}.Debug|x86.Build.0 = Debug|Win32
		{1517DDF5-7CA1-41C7-8F2D-4E2DD1230719}.Release|x64.ActiveCfg = Release|x64
		{1517DDF5-7CA1-41C7-8F2D-4E2DD1230719}.Release|x64.Build.0 = Release|x64
		{1517DDF5-7CA1-41C7-8F2D-4E2DD1230719}.Release|x86.ActiveCfg = Release|Win32
		{1517DDF5-7CA1-41C7-8F2D-4E2DD1230719}.Release|x86.Build.0 = Release|Win32
	EndGlobalSection
	GlobalSection(SolutionProperties) = preSolution
		HideSolutionNode = FALSE
	EndGlobalSection
	GlobalSection(ExtensibilityGlobals) = postSolution
		SolutionGuid = {76612465-CE75-488B-91CC-A53F722C2302}
	EndGlobalSection
EndGlobal
